
Microsoft Visual Studio Solution File, Format Version 12.00
# Visual Studio Version 16
VisualStudioVersion = 16.0.30523.141
MinimumVisualStudioVersion = 10.0.40219.1
Project("{FAE04EC0-301F-11D3-BF4B-00C04F79EFBC}") = "CallingMethods", "CallingMethods\CallingMethods.csproj", "{CAECD198-AD76-43F5-A99F-64D360C81777}"
EndProject
Global
	GlobalSection(SolutionConfigurationPlatforms) = preSolution
		Debug|Any CPU = Debug|Any CPU
		Release|Any CPU = Release|Any CPU
	EndGlobalSection
	GlobalSection(ProjectConfigurationPlatforms) = postSolution
		{CAECD198-AD76-43F5-A99F-64D360C81777}.Debug|Any CPU.ActiveCfg = Debug|Any CPU
		{CAECD198-AD76-43F5-A99F-64D360C81777}.Debug|Any CPU.Build.0 = Debug|Any CPU
		{CAECD198-AD76-43F5-A99F-64D360C81777}.Release|Any CPU.ActiveCfg = Release|Any CPU
		{CAECD198-AD76-43F5-A99F-64D360C81777}.Release|Any CPU.Build.0 = Release|Any CPU
	EndGlobalSection
	GlobalSection(SolutionProperties) = preSolution
		HideSolutionNode = FALSE
	EndGlobalSection
	GlobalSection(ExtensibilityGlobals) = postSolution
		SolutionGuid = {2E5887AD-8A1C-4072-9D70-AE0C3A5E02BE}
	EndGlobalSection
EndGlobal
