
Microsoft Visual Studio Solution File, Format Version 12.00
# Visual Studio Version 16
VisualStudioVersion = 16.0.30523.141
MinimumVisualStudioVersion = 10.0.40219.1
Project("{FAE04EC0-301F-11D3-BF4B-00C04F79EFBC}") = "MainMethodAssignment", "MainMethodAssignment\MainMethodAssignment.csproj", "{554AAA1C-ACA7-4633-AA9C-4129BF3160BE}"
EndProject
Global
	GlobalSection(SolutionConfigurationPlatforms) = preSolution
		Debug|Any CPU = Debug|Any CPU
		Release|Any CPU = Release|Any CPU
	EndGlobalSection
	GlobalSection(ProjectConfigurationPlatforms) = postSolution
		{554AAA1C-ACA7-4633-AA9C-4129BF3160BE}.Debug|Any CPU.ActiveCfg = Debug|Any CPU
		{554AAA1C-ACA7-4633-AA9C-4129BF3160BE}.Debug|Any CPU.Build.0 = Debug|Any CPU
		{554AAA1C-ACA7-4633-AA9C-4129BF3160BE}.Release|Any CPU.ActiveCfg = Release|Any CPU
		{554AAA1C-ACA7-4633-AA9C-4129BF3160BE}.Release|Any CPU.Build.0 = Release|Any CPU
	EndGlobalSection
	GlobalSection(SolutionProperties) = preSolution
		HideSolutionNode = FALSE
	EndGlobalSection
	GlobalSection(ExtensibilityGlobals) = postSolution
		SolutionGuid = {2BBB4E3F-4DA4-4D7E-9B3B-40D1D8C0A846}
	EndGlobalSection
EndGlobal
